
Microsoft Visual Studio Solution File, Format Version 12.00
# Visual Studio 15
VisualStudioVersion = 15.0.27703.2026
MinimumVisualStudioVersion = 10.0.40219.1
Project("{9A19103F-16F7-4668-BE54-9A1E7A4F7556}") = "LiterateCS.Theme", "LiterateCS.Theme\LiterateCS.Theme.csproj", "{9FD7E951-AAEE-4F36-A09B-395D19D32861}"
EndProject
Project("{2150E333-8FDC-42A3-9474-1A3956D46DE8}") = "Solution Items", "Solution Items", "{2E18EDBB-7E93-4F46-894F-E77C852F09E3}"
	ProjectSection(SolutionItems) = preProject
		.gitignore = .gitignore
		defaults.yml = defaults.yml
		FrontMatter.md = FrontMatter.md
		index.md = index.md
		Installation.md = Installation.md
		Introduction.md = Introduction.md
		License.md = License.md
		README.md = README.md
		TableOfContents.md = TableOfContents.md
		TestPackage.ps1 = TestPackage.ps1
		TipsAndTricks.md = TipsAndTricks.md
		TOC.yml = TOC.yml
	EndProjectSection
EndProject
Project("{9A19103F-16F7-4668-BE54-9A1E7A4F7556}") = "LiterateCS", "LiterateCS\LiterateCS.csproj", "{E164D885-0B71-45B9-A119-A9D9092CB5EF}"
EndProject
Project("{2150E333-8FDC-42A3-9474-1A3956D46DE8}") = "docs", "docs", "{6BE0685D-E844-4BDF-82C8-8A276D753D50}"
EndProject
Project("{2150E333-8FDC-42A3-9474-1A3956D46DE8}") = "images", "images", "{FF495549-4370-4B02-8DDE-E427229E7E74}"
	ProjectSection(SolutionItems) = preProject
		docs\images\Code.png = docs\images\Code.png
		docs\images\Diagram.png = docs\images\Diagram.png
		docs\images\favicon.ico = docs\images\favicon.ico
		docs\images\FrontMatter.png = docs\images\FrontMatter.png
		docs\images\GitHubPages.png = docs\images\GitHubPages.png
		docs\images\jumbotron.jpg = docs\images\jumbotron.jpg
		docs\images\LiterateLibInVSCode.png = docs\images\LiterateLibInVSCode.png
		docs\images\LPFlow.png = docs\images\LPFlow.png
		docs\images\Navigation.png = docs\images\Navigation.png
	EndProjectSection
EndProject
Project("{9A19103F-16F7-4668-BE54-9A1E7A4F7556}") = "DefaultTheme", "DefaultTheme\DefaultTheme.csproj", "{001FF036-7669-44BB-BB78-40B62D937916}"
EndProject
Global
	GlobalSection(SolutionConfigurationPlatforms) = preSolution
		Debug|Any CPU = Debug|Any CPU
		Release|Any CPU = Release|Any CPU
	EndGlobalSection
	GlobalSection(ProjectConfigurationPlatforms) = postSolution
		{9FD7E951-AAEE-4F36-A09B-395D19D32861}.Debug|Any CPU.ActiveCfg = Debug|Any CPU
		{9FD7E951-AAEE-4F36-A09B-395D19D32861}.Debug|Any CPU.Build.0 = Debug|Any CPU
		{9FD7E951-AAEE-4F36-A09B-395D19D32861}.Release|Any CPU.ActiveCfg = Release|Any CPU
		{9FD7E951-AAEE-4F36-A09B-395D19D32861}.Release|Any CPU.Build.0 = Release|Any CPU
		{E164D885-0B71-45B9-A119-A9D9092CB5EF}.Debug|Any CPU.ActiveCfg = Debug|Any CPU
		{E164D885-0B71-45B9-A119-A9D9092CB5EF}.Debug|Any CPU.Build.0 = Debug|Any CPU
		{E164D885-0B71-45B9-A119-A9D9092CB5EF}.Release|Any CPU.ActiveCfg = Release|Any CPU
		{E164D885-0B71-45B9-A119-A9D9092CB5EF}.Release|Any CPU.Build.0 = Release|Any CPU
		{001FF036-7669-44BB-BB78-40B62D937916}.Debug|Any CPU.ActiveCfg = Debug|Any CPU
		{001FF036-7669-44BB-BB78-40B62D937916}.Debug|Any CPU.Build.0 = Debug|Any CPU
		{001FF036-7669-44BB-BB78-40B62D937916}.Release|Any CPU.ActiveCfg = Release|Any CPU
		{001FF036-7669-44BB-BB78-40B62D937916}.Release|Any CPU.Build.0 = Release|Any CPU
	EndGlobalSection
	GlobalSection(SolutionProperties) = preSolution
		HideSolutionNode = FALSE
	EndGlobalSection
	GlobalSection(NestedProjects) = preSolution
		{FF495549-4370-4B02-8DDE-E427229E7E74} = {6BE0685D-E844-4BDF-82C8-8A276D753D50}
	EndGlobalSection
	GlobalSection(ExtensibilityGlobals) = postSolution
		SolutionGuid = {7BCDA963-6159-43CD-BCFF-FF24FDA22064}
	EndGlobalSection
EndGlobal
